
Microsoft Visual Studio Solution File, Format Version 12.00
# Visual Studio Version 17
VisualStudioVersion = 17.1.32328.378
MinimumVisualStudioVersion = 10.0.40219.1
Project("{FAE04EC0-301F-11D3-BF4B-00C04F79EFBC}") = "DataServer", "DataServer.csproj", "{609EB8F9-4E76-40D7-B39A-A80379203273}"
EndProject
Global
	GlobalSection(SolutionConfigurationPlatforms) = preSolution
		Debug|Any CPU = Debug|Any CPU
		Release|Any CPU = Release|Any CPU
	EndGlobalSection
	GlobalSection(ProjectConfigurationPlatforms) = postSolution
		{609EB8F9-4E76-40D7-B39A-A80379203273}.Debug|Any CPU.ActiveCfg = Debug|Any CPU
		{609EB8F9-4E76-40D7-B39A-A80379203273}.Debug|Any CPU.Build.0 = Debug|Any CPU
		{609EB8F9-4E76-40D7-B39A-A80379203273}.Release|Any CPU.ActiveCfg = Release|Any CPU
		{609EB8F9-4E76-40D7-B39A-A80379203273}.Release|Any CPU.Build.0 = Release|Any CPU
	EndGlobalSection
	GlobalSection(SolutionProperties) = preSolution
		HideSolutionNode = FALSE
	EndGlobalSection
	GlobalSection(ExtensibilityGlobals) = postSolution
		SolutionGuid = {3C3FEEF9-BCB7-4FF2-8329-FA5F5ABF9CCB}
	EndGlobalSection
EndGlobal
